
Microsoft Visual Studio Solution File, Format Version 11.00
# Visual Studio 2010
Project("{8BC9CEB8-8B4A-11D0-8D11-00A0C91BC942}") = "Capture", "Capture\Capture.vcxproj", "{4F3F1E41-49D0-4043-B9B8-C9D8A784657B}"
EndProject
Global
	GlobalSection(SolutionConfigurationPlatforms) = preSolution
		Debug|Win32 = Debug|Win32
		Release|Win32 = Release|Win32
	EndGlobalSection
	GlobalSection(ProjectConfigurationPlatforms) = postSolution
		{4F3F1E41-49D0-4043-B9B8-C9D8A784657B}.Debug|Win32.ActiveCfg = Debug|Win32
		{4F3F1E41-49D0-4043-B9B8-C9D8A784657B}.Debug|Win32.Build.0 = Debug|Win32
		{4F3F1E41-49D0-4043-B9B8-C9D8A784657B}.Release|Win32.ActiveCfg = Release|Win32
		{4F3F1E41-49D0-4043-B9B8-C9D8A784657B}.Release|Win32.Build.0 = Release|Win32
	EndGlobalSection
	GlobalSection(SolutionProperties) = preSolution
		HideSolutionNode = FALSE
	EndGlobalSection
EndGlobal
